// !$*UTF8*$!
{
	archiveVersion = 1;
	classes = {
	};
	objectVersion = 46;
	objects = {

/* Begin PBXBuildFile section */
		2D2B577F1DA00DC500CBD117 /* Count+CoreDataClass.swift in Sources */ = {isa = PBXBuildFile; fileRef = 2D2B577D1DA00DC500CBD117 /* Count+CoreDataClass.swift */; };
		2D2B57801DA00DC500CBD117 /* Count+CoreDataProperties.swift in Sources */ = {isa = PBXBuildFile; fileRef = 2D2B577E1DA00DC500CBD117 /* Count+CoreDataProperties.swift */; };
		2D2B57841DA0130F00CBD117 /* CountPersister.swift in Sources */ = {isa = PBXBuildFile; fileRef = 2D2B57831DA0130F00CBD117 /* CountPersister.swift */; };
		2D2B57871DA04B9F00CBD117 /* ListTableViewCell.swift in Sources */ = {isa = PBXBuildFile; fileRef = 2D2B57861DA04B9F00CBD117 /* ListTableViewCell.swift */; };
		2DADFB761DA07FFB004A824D /* TimeAgo.swift in Sources */ = {isa = PBXBuildFile; fileRef = 2DADFB751DA07FFB004A824D /* TimeAgo.swift */; };
		2DD66A991D9FEF0C0018BC46 /* AppDelegate.swift in Sources */ = {isa = PBXBuildFile; fileRef = 2DD66A981D9FEF0C0018BC46 /* AppDelegate.swift */; };
		2DD66A9B1D9FEF0C0018BC46 /* ViewController.swift in Sources */ = {isa = PBXBuildFile; fileRef = 2DD66A9A1D9FEF0C0018BC46 /* ViewController.swift */; };
		2DD66A9E1D9FEF0C0018BC46 /* Main.storyboard in Resources */ = {isa = PBXBuildFile; fileRef = 2DD66A9C1D9FEF0C0018BC46 /* Main.storyboard */; };
		2DD66AA11D9FEF0C0018BC46 /* Attendees.xcdatamodeld in Sources */ = {isa = PBXBuildFile; fileRef = 2DD66A9F1D9FEF0C0018BC46 /* Attendees.xcdatamodeld */; };
		2DD66AA31D9FEF0C0018BC46 /* Assets.xcassets in Resources */ = {isa = PBXBuildFile; fileRef = 2DD66AA21D9FEF0C0018BC46 /* Assets.xcassets */; };
		2DD66AA61D9FEF0C0018BC46 /* LaunchScreen.storyboard in Resources */ = {isa = PBXBuildFile; fileRef = 2DD66AA41D9FEF0C0018BC46 /* LaunchScreen.storyboard */; };
		2DD66AAF1D9FF4680018BC46 /* Pop.aiff in Resources */ = {isa = PBXBuildFile; fileRef = 2DD66AAE1D9FF4680018BC46 /* Pop.aiff */; };
		2DD66AB41D9FFC7B0018BC46 /* ListViewController.swift in Sources */ = {isa = PBXBuildFile; fileRef = 2DD66AB31D9FFC7B0018BC46 /* ListViewController.swift */; };
/* End PBXBuildFile section */

/* Begin PBXFileReference section */
		2D2B577D1DA00DC500CBD117 /* Count+CoreDataClass.swift */ = {isa = PBXFileReference; fileEncoding = 4; lastKnownFileType = sourcecode.swift; path = "Count+CoreDataClass.swift"; sourceTree = "<group>"; };
		2D2B577E1DA00DC500CBD117 /* Count+CoreDataProperties.swift */ = {isa = PBXFileReference; fileEncoding = 4; lastKnownFileType = sourcecode.swift; path = "Count+CoreDataProperties.swift"; sourceTree = "<group>"; };
		2D2B57831DA0130F00CBD117 /* CountPersister.swift */ = {isa = PBXFileReference; fileEncoding = 4; lastKnownFileType = sourcecode.swift; path = CountPersister.swift; sourceTree = "<group>"; };
		2D2B57861DA04B9F00CBD117 /* ListTableViewCell.swift */ = {isa = PBXFileReference; fileEncoding = 4; lastKnownFileType = sourcecode.swift; path = ListTableViewCell.swift; sourceTree = "<group>"; };
		2DADFB751DA07FFB004A824D /* TimeAgo.swift */ = {isa = PBXFileReference; fileEncoding = 4; lastKnownFileType = sourcecode.swift; path = TimeAgo.swift; sourceTree = "<group>"; };
		2DD66A951D9FEF0C0018BC46 /* Attendees.app */ = {isa = PBXFileReference; explicitFileType = wrapper.application; includeInIndex = 0; path = Attendees.app; sourceTree = BUILT_PRODUCTS_DIR; };
		2DD66A981D9FEF0C0018BC46 /* AppDelegate.swift */ = {isa = PBXFileReference; lastKnownFileType = sourcecode.swift; path = AppDelegate.swift; sourceTree = "<group>"; };
		2DD66A9A1D9FEF0C0018BC46 /* ViewController.swift */ = {isa = PBXFileReference; lastKnownFileType = sourcecode.swift; path = ViewController.swift; sourceTree = "<group>"; };
		2DD66A9D1D9FEF0C0018BC46 /* Base */ = {isa = PBXFileReference; lastKnownFileType = file.storyboard; name = Base; path = Base.lproj/Main.storyboard; sourceTree = "<group>"; };
		2DD66AA01D9FEF0C0018BC46 /* Attendees.xcdatamodel */ = {isa = PBXFileReference; lastKnownFileType = wrapper.xcdatamodel; path = Attendees.xcdatamodel; sourceTree = "<group>"; };
		2DD66AA21D9FEF0C0018BC46 /* Assets.xcassets */ = {isa = PBXFileReference; lastKnownFileType = folder.assetcatalog; path = Assets.xcassets; sourceTree = "<group>"; };
		2DD66AA51D9FEF0C0018BC46 /* Base */ = {isa = PBXFileReference; lastKnownFileType = file.storyboard; name = Base; path = Base.lproj/LaunchScreen.storyboard; sourceTree = "<group>"; };
		2DD66AA71D9FEF0C0018BC46 /* Info.plist */ = {isa = PBXFileReference; lastKnownFileType = text.plist.xml; path = Info.plist; sourceTree = "<group>"; };
		2DD66AAE1D9FF4680018BC46 /* Pop.aiff */ = {isa = PBXFileReference; lastKnownFileType = audio.aiff; path = Pop.aiff; sourceTree = "<group>"; };
		2DD66AB31D9FFC7B0018BC46 /* ListViewController.swift */ = {isa = PBXFileReference; fileEncoding = 4; lastKnownFileType = sourcecode.swift; path = ListViewController.swift; sourceTree = "<group>"; };
/* End PBXFileReference section */

/* Begin PBXFrameworksBuildPhase section */
		2DD66A921D9FEF0C0018BC46 /* Frameworks */ = {
			isa = PBXFrameworksBuildPhase;
			buildActionMask = 2147483647;
			files = (
			);
			runOnlyForDeploymentPostprocessing = 0;
		};
/* End PBXFrameworksBuildPhase section */

/* Begin PBXGroup section */
		2D2B57811DA0127100CBD117 /* Model */ = {
			isa = PBXGroup;
			children = (
				2D2B577D1DA00DC500CBD117 /* Count+CoreDataClass.swift */,
				2D2B577E1DA00DC500CBD117 /* Count+CoreDataProperties.swift */,
			);
			name = Model;
			path = ..;
			sourceTree = "<group>";
		};
		2D2B57821DA0128200CBD117 /* Controllers */ = {
			isa = PBXGroup;
			children = (
				2DD66A9A1D9FEF0C0018BC46 /* ViewController.swift */,
				2DD66AB31D9FFC7B0018BC46 /* ListViewController.swift */,
				2D2B57861DA04B9F00CBD117 /* ListTableViewCell.swift */,
			);
			name = Controllers;
			sourceTree = "<group>";
		};
		2D2B57851DA0135900CBD117 /* CoreData */ = {
			isa = PBXGroup;
			children = (
				2DD66A9F1D9FEF0C0018BC46 /* Attendees.xcdatamodeld */,
				2D2B57831DA0130F00CBD117 /* CountPersister.swift */,
			);
			name = CoreData;
			sourceTree = "<group>";
		};
		2DADFB771DA08000004A824D /* Tools */ = {
			isa = PBXGroup;
			children = (
				2DADFB751DA07FFB004A824D /* TimeAgo.swift */,
			);
			name = Tools;
			sourceTree = "<group>";
		};
		2DD66A8C1D9FEF0C0018BC46 = {
			isa = PBXGroup;
			children = (
				2DD66A971D9FEF0C0018BC46 /* Attendees */,
				2DD66A961D9FEF0C0018BC46 /* Products */,
			);
			sourceTree = "<group>";
		};
		2DD66A961D9FEF0C0018BC46 /* Products */ = {
			isa = PBXGroup;
			children = (
				2DD66A951D9FEF0C0018BC46 /* Attendees.app */,
			);
			name = Products;
			sourceTree = "<group>";
		};
		2DD66A971D9FEF0C0018BC46 /* Attendees */ = {
			isa = PBXGroup;
			children = (
				2DADFB771DA08000004A824D /* Tools */,
				2D2B57851DA0135900CBD117 /* CoreData */,
				2D2B57821DA0128200CBD117 /* Controllers */,
				2D2B57811DA0127100CBD117 /* Model */,
				2DD66AAD1D9FF45A0018BC46 /* Sounds */,
				2DD66A981D9FEF0C0018BC46 /* AppDelegate.swift */,
				2DD66A9C1D9FEF0C0018BC46 /* Main.storyboard */,
				2DD66AA21D9FEF0C0018BC46 /* Assets.xcassets */,
				2DD66AA41D9FEF0C0018BC46 /* LaunchScreen.storyboard */,
				2DD66AA71D9FEF0C0018BC46 /* Info.plist */,
			);
			path = Attendees;
			sourceTree = "<group>";
		};
		2DD66AAD1D9FF45A0018BC46 /* Sounds */ = {
			isa = PBXGroup;
			children = (
				2DD66AAE1D9FF4680018BC46 /* Pop.aiff */,
			);
			name = Sounds;
			sourceTree = "<group>";
		};
/* End PBXGroup section */

/* Begin PBXNativeTarget section */
		2DD66A941D9FEF0C0018BC46 /* Attendees */ = {
			isa = PBXNativeTarget;
			buildConfigurationList = 2DD66AAA1D9FEF0C0018BC46 /* Build configuration list for PBXNativeTarget "Attendees" */;
			buildPhases = (
				2DD66A911D9FEF0C0018BC46 /* Sources */,
				2DD66A921D9FEF0C0018BC46 /* Frameworks */,
				2DD66A931D9FEF0C0018BC46 /* Resources */,
			);
			buildRules = (
			);
			dependencies = (
			);
			name = Attendees;
			productName = Attendees;
			productReference = 2DD66A951D9FEF0C0018BC46 /* Attendees.app */;
			productType = "com.apple.product-type.application";
		};
/* End PBXNativeTarget section */

/* Begin PBXProject section */
		2DD66A8D1D9FEF0C0018BC46 /* Project object */ = {
			isa = PBXProject;
			attributes = {
				LastSwiftUpdateCheck = 0800;
				LastUpgradeCheck = 0800;
				ORGANIZATIONNAME = "Manuel Reinhard";
				TargetAttributes = {
					2DD66A941D9FEF0C0018BC46 = {
						CreatedOnToolsVersion = 8.0;
						DevelopmentTeam = WC7Y5957DK;
						ProvisioningStyle = Automatic;
					};
				};
			};
			buildConfigurationList = 2DD66A901D9FEF0C0018BC46 /* Build configuration list for PBXProject "Attendees" */;
			compatibilityVersion = "Xcode 3.2";
			developmentRegion = English;
			hasScannedForEncodings = 0;
			knownRegions = (
				en,
				Base,
			);
			mainGroup = 2DD66A8C1D9FEF0C0018BC46;
			productRefGroup = 2DD66A961D9FEF0C0018BC46 /* Products */;
			projectDirPath = "";
			projectRoot = "";
			targets = (
				2DD66A941D9FEF0C0018BC46 /* Attendees */,
			);
		};
/* End PBXProject section */

/* Begin PBXResourcesBuildPhase section */
		2DD66A931D9FEF0C0018BC46 /* Resources */ = {
			isa = PBXResourcesBuildPhase;
			buildActionMask = 2147483647;
			files = (
				2DD66AA61D9FEF0C0018BC46 /* LaunchScreen.storyboard in Resources */,
				2DD66AA31D9FEF0C0018BC46 /* Assets.xcassets in Resources */,
				2DD66A9E1D9FEF0C0018BC46 /* Main.storyboard in Resources */,
				2DD66AAF1D9FF4680018BC46 /* Pop.aiff in Resources */,
			);
			runOnlyForDeploymentPostprocessing = 0;
		};
/* End PBXResourcesBuildPhase section */

/* Begin PBXSourcesBuildPhase section */
		2DD66A911D9FEF0C0018BC46 /* Sources */ = {
			isa = PBXSourcesBuildPhase;
			buildActionMask = 2147483647;
			files = (
				2D2B57841DA0130F00CBD117 /* CountPersister.swift in Sources */,
				2D2B57871DA04B9F00CBD117 /* ListTableViewCell.swift in Sources */,
				2DADFB761DA07FFB004A824D /* TimeAgo.swift in Sources */,
				2DD66A9B1D9FEF0C0018BC46 /* ViewController.swift in Sources */,
				2D2B57801DA00DC500CBD117 /* Count+CoreDataProperties.swift in Sources */,
				2D2B577F1DA00DC500CBD117 /* Count+CoreDataClass.swift in Sources */,
				2DD66A991D9FEF0C0018BC46 /* AppDelegate.swift in Sources */,
				2DD66AA11D9FEF0C0018BC46 /* Attendees.xcdatamodeld in Sources */,
				2DD66AB41D9FFC7B0018BC46 /* ListViewController.swift in Sources */,
			);
			runOnlyForDeploymentPostprocessing = 0;
		};
/* End PBXSourcesBuildPhase section */

/* Begin PBXVariantGroup section */
		2DD66A9C1D9FEF0C0018BC46 /* Main.storyboard */ = {
			isa = PBXVariantGroup;
			children = (
				2DD66A9D1D9FEF0C0018BC46 /* Base */,
			);
			name = Main.storyboard;
			sourceTree = "<group>";
		};
		2DD66AA41D9FEF0C0018BC46 /* LaunchScreen.storyboard */ = {
			isa = PBXVariantGroup;
			children = (
				2DD66AA51D9FEF0C0018BC46 /* Base */,
			);
			name = LaunchScreen.storyboard;
			sourceTree = "<group>";
		};
/* End PBXVariantGroup section */

/* Begin XCBuildConfiguration section */
		2DD66AA81D9FEF0C0018BC46 /* Debug */ = {
			isa = XCBuildConfiguration;
			buildSettings = {
				ALWAYS_SEARCH_USER_PATHS = NO;
				CLANG_ANALYZER_NONNULL = YES;
				CLANG_CXX_LANGUAGE_STANDARD = "gnu++0x";
				CLANG_CXX_LIBRARY = "libc++";
				CLANG_ENABLE_MODULES = YES;
				CLANG_ENABLE_OBJC_ARC = YES;
				CLANG_WARN_BOOL_CONVERSION = YES;
				CLANG_WARN_CONSTANT_CONVERSION = YES;
				CLANG_WARN_DIRECT_OBJC_ISA_USAGE = YES_ERROR;
				CLANG_WARN_DOCUMENTATION_COMMENTS = YES;
				CLANG_WARN_EMPTY_BODY = YES;
				CLANG_WARN_ENUM_CONVERSION = YES;
				CLANG_WARN_INFINITE_RECURSION = YES;
				CLANG_WARN_INT_CONVERSION = YES;
				CLANG_WARN_OBJC_ROOT_CLASS = YES_ERROR;
				CLANG_WARN_SUSPICIOUS_MOVES = YES;
				CLANG_WARN_UNREACHABLE_CODE = YES;
				CLANG_WARN__DUPLICATE_METHOD_MATCH = YES;
				"CODE_SIGN_IDENTITY[sdk=iphoneos*]" = "iPhone Developer";
				COPY_PHASE_STRIP = NO;
				DEBUG_INFORMATION_FORMAT = dwarf;
				ENABLE_STRICT_OBJC_MSGSEND = YES;
				ENABLE_TESTABILITY = YES;
				GCC_C_LANGUAGE_STANDARD = gnu99;
				GCC_DYNAMIC_NO_PIC = NO;
				GCC_NO_COMMON_BLOCKS = YES;
				GCC_OPTIMIZATION_LEVEL = 0;
				GCC_PREPROCESSOR_DEFINITIONS = (
					"DEBUG=1",
					"$(inherited)",
				);
				GCC_WARN_64_TO_32_BIT_CONVERSION = YES;
				GCC_WARN_ABOUT_RETURN_TYPE = YES_ERROR;
				GCC_WARN_UNDECLARED_SELECTOR = YES;
				GCC_WARN_UNINITIALIZED_AUTOS = YES_AGGRESSIVE;
				GCC_WARN_UNUSED_FUNCTION = YES;
				GCC_WARN_UNUSED_VARIABLE = YES;
				IPHONEOS_DEPLOYMENT_TARGET = 10.0;
				MTL_ENABLE_DEBUG_INFO = YES;
				ONLY_ACTIVE_ARCH = YES;
				SDKROOT = iphoneos;
				SWIFT_ACTIVE_COMPILATION_CONDITIONS = DEBUG;
				SWIFT_OPTIMIZATION_LEVEL = "-Onone";
			};
			name = Debug;
		};
		2DD66AA91D9FEF0C0018BC46 /* Release */ = {
			isa = XCBuildConfiguration;
			buildSettings = {
				ALWAYS_SEARCH_USER_PATHS = NO;
				CLANG_ANALYZER_NONNULL = YES;
				CLANG_CXX_LANGUAGE_STANDARD = "gnu++0x";
				CLANG_CXX_LIBRARY = "libc++";
				CLANG_ENABLE_MODULES = YES;
				CLANG_ENABLE_OBJC_ARC = YES;
				CLANG_WARN_BOOL_CONVERSION = YES;
				CLANG_WARN_CONSTANT_CONVERSION = YES;
				CLANG_WARN_DIRECT_OBJC_ISA_USAGE = YES_ERROR;
				CLANG_WARN_DOCUMENTATION_COMMENTS = YES;
				CLANG_WARN_EMPTY_BODY = YES;
				CLANG_WARN_ENUM_CONVERSION = YES;
				CLANG_WARN_INFINITE_RECURSION = YES;
				CLANG_WARN_INT_CONVERSION = YES;
				CLANG_WARN_OBJC_ROOT_CLASS = YES_ERROR;
				CLANG_WARN_SUSPICIOUS_MOVES = YES;
				CLANG_WARN_UNREACHABLE_CODE = YES;
				CLANG_WARN__DUPLICATE_METHOD_MATCH = YES;
				"CODE_SIGN_IDENTITY[sdk=iphoneos*]" = "iPhone Developer";
				COPY_PHASE_STRIP = NO;
				DEBUG_INFORMATION_FORMAT = "dwarf-with-dsym";
				ENABLE_NS_ASSERTIONS = NO;
				ENABLE_STRICT_OBJC_MSGSEND = YES;
				GCC_C_LANGUAGE_STANDARD = gnu99;
				GCC_NO_COMMON_BLOCKS = YES;
				GCC_WARN_64_TO_32_BIT_CONVERSION = YES;
				GCC_WARN_ABOUT_RETURN_TYPE = YES_ERROR;
				GCC_WARN_UNDECLARED_SELECTOR = YES;
				GCC_WARN_UNINITIALIZED_AUTOS = YES_AGGRESSIVE;
				GCC_WARN_UNUSED_FUNCTION = YES;
				GCC_WARN_UNUSED_VARIABLE = YES;
				IPHONEOS_DEPLOYMENT_TARGET = 10.0;
				MTL_ENABLE_DEBUG_INFO = NO;
				SDKROOT = iphoneos;
				SWIFT_OPTIMIZATION_LEVEL = "-Owholemodule";
				VALIDATE_PRODUCT = YES;
			};
			name = Release;
		};
		2DD66AAB1D9FEF0C0018BC46 /* Debug */ = {
			isa = XCBuildConfiguration;
			buildSettings = {
				ASSETCATALOG_COMPILER_APPICON_NAME = AppIcon;
				DEVELOPMENT_TEAM = WC7Y5957DK;
				INFOPLIST_FILE = Attendees/Info.plist;
				LD_RUNPATH_SEARCH_PATHS = "$(inherited) @executable_path/Frameworks";
				PRODUCT_BUNDLE_IDENTIFIER = ch.sprain.Attendees;
				PRODUCT_NAME = "$(TARGET_NAME)";
				SWIFT_VERSION = 3.0;
			};
			name = Debug;
		};
		2DD66AAC1D9FEF0C0018BC46 /* Release */ = {
			isa = XCBuildConfiguration;
			buildSettings = {
				ASSETCATALOG_COMPILER_APPICON_NAME = AppIcon;
				DEVELOPMENT_TEAM = WC7Y5957DK;
				INFOPLIST_FILE = Attendees/Info.plist;
				LD_RUNPATH_SEARCH_PATHS = "$(inherited) @executable_path/Frameworks";
				PRODUCT_BUNDLE_IDENTIFIER = ch.sprain.Attendees;
				PRODUCT_NAME = "$(TARGET_NAME)";
				SWIFT_VERSION = 3.0;
			};
			name = Release;
		};
/* End XCBuildConfiguration section */

/* Begin XCConfigurationList section */
		2DD66A901D9FEF0C0018BC46 /* Build configuration list for PBXProject "Attendees" */ = {
			isa = XCConfigurationList;
			buildConfigurations = (
				2DD66AA81D9FEF0C0018BC46 /* Debug */,
				2DD66AA91D9FEF0C0018BC46 /* Release */,
			);
			defaultConfigurationIsVisible = 0;
			defaultConfigurationName = Release;
		};
		2DD66AAA1D9FEF0C0018BC46 /* Build configuration list for PBXNativeTarget "Attendees" */ = {
			isa = XCConfigurationList;
			buildConfigurations = (
				2DD66AAB1D9FEF0C0018BC46 /* Debug */,
				2DD66AAC1D9FEF0C0018BC46 /* Release */,
			);
			defaultConfigurationIsVisible = 0;
			defaultConfigurationName = Release;
		};
/* End XCConfigurationList section */

/* Begin XCVersionGroup section */
		2DD66A9F1D9FEF0C0018BC46 /* Attendees.xcdatamodeld */ = {
			isa = XCVersionGroup;
			children = (
				2DD66AA01D9FEF0C0018BC46 /* Attendees.xcdatamodel */,
			);
			currentVersion = 2DD66AA01D9FEF0C0018BC46 /* Attendees.xcdatamodel */;
			path = Attendees.xcdatamodeld;
			sourceTree = "<group>";
			versionGroupType = wrapper.xcdatamodel;
		};
/* End XCVersionGroup section */
	};
	rootObject = 2DD66A8D1D9FEF0C0018BC46 /* Project object */;
}
